
Microsoft Visual Studio Solution File, Format Version 12.00
# Visual Studio Version 17
VisualStudioVersion = 17.5.002.0
MinimumVisualStudioVersion = 10.0.40219.1
Project("{9A19103F-16F7-4668-BE54-9A1E7A4F7556}") = "Project2", "Project2\Project2.csproj", "{B64826F2-22F5-4487-82F2-63E0FFF95B9C}"
EndProject
Project("{9A19103F-16F7-4668-BE54-9A1E7A4F7556}") = "Project3", "Project3\Project3.csproj", "{FBF70A76-6F1F-4585-840D-C44978BD4A98}"
EndProject
Global
	GlobalSection(SolutionConfigurationPlatforms) = preSolution
		Debug|Any CPU = Debug|Any CPU
		Release|Any CPU = Release|Any CPU
	EndGlobalSection
	GlobalSection(ProjectConfigurationPlatforms) = postSolution
		{B64826F2-22F5-4487-82F2-63E0FFF95B9C}.Debug|Any CPU.ActiveCfg = Debug|Any CPU
		{B64826F2-22F5-4487-82F2-63E0FFF95B9C}.Debug|Any CPU.Build.0 = Debug|Any CPU
		{B64826F2-22F5-4487-82F2-63E0FFF95B9C}.Release|Any CPU.ActiveCfg = Release|Any CPU
		{B64826F2-22F5-4487-82F2-63E0FFF95B9C}.Release|Any CPU.Build.0 = Release|Any CPU
		{FBF70A76-6F1F-4585-840D-C44978BD4A98}.Debug|Any CPU.ActiveCfg = Debug|Any CPU
		{FBF70A76-6F1F-4585-840D-C44978BD4A98}.Debug|Any CPU.Build.0 = Debug|Any CPU
		{FBF70A76-6F1F-4585-840D-C44978BD4A98}.Release|Any CPU.ActiveCfg = Release|Any CPU
		{FBF70A76-6F1F-4585-840D-C44978BD4A98}.Release|Any CPU.Build.0 = Release|Any CPU
	EndGlobalSection
	GlobalSection(SolutionProperties) = preSolution
		HideSolutionNode = FALSE
	EndGlobalSection
	GlobalSection(ExtensibilityGlobals) = postSolution
		SolutionGuid = {4CDED15C-8982-4DFF-869C-4039D10B78EE}
	EndGlobalSection
EndGlobal
